
Microsoft Visual Studio Solution File, Format Version 12.00
# Visual Studio Version 17
VisualStudioVersion = 17.11.35312.102
MinimumVisualStudioVersion = 10.0.40219.1
Project("{FAE04EC0-301F-11D3-BF4B-00C04F79EFBC}") = "integrador-cat-api", "integrador-cat-api\integrador-cat-api.csproj", "{5A81CEFE-0019-4D86-B950-EF66AC2D3828}"
EndProject
Project("{FAE04EC0-301F-11D3-BF4B-00C04F79EFBC}") = "cat-api.Tests", "cat-api.Tests\cat-api.Tests.csproj", "{4D33D28A-944F-4D3A-BEA8-278C766FA5DE}"
EndProject
Project("{2150E333-8FDC-42A3-9474-1A3956D46DE8}") = "Solution Items", "Solution Items", "{07C1158D-AF3A-4267-B2CF-913099611A14}"
EndProject
Global
	GlobalSection(SolutionConfigurationPlatforms) = preSolution
		Debug|Any CPU = Debug|Any CPU
		Release|Any CPU = Release|Any CPU
	EndGlobalSection
	GlobalSection(ProjectConfigurationPlatforms) = postSolution
		{5A81CEFE-0019-4D86-B950-EF66AC2D3828}.Debug|Any CPU.ActiveCfg = Debug|Any CPU
		{5A81CEFE-0019-4D86-B950-EF66AC2D3828}.Debug|Any CPU.Build.0 = Debug|Any CPU
		{5A81CEFE-0019-4D86-B950-EF66AC2D3828}.Release|Any CPU.ActiveCfg = Release|Any CPU
		{5A81CEFE-0019-4D86-B950-EF66AC2D3828}.Release|Any CPU.Build.0 = Release|Any CPU
		{4D33D28A-944F-4D3A-BEA8-278C766FA5DE}.Debug|Any CPU.ActiveCfg = Debug|Any CPU
		{4D33D28A-944F-4D3A-BEA8-278C766FA5DE}.Debug|Any CPU.Build.0 = Debug|Any CPU
		{4D33D28A-944F-4D3A-BEA8-278C766FA5DE}.Release|Any CPU.ActiveCfg = Release|Any CPU
		{4D33D28A-944F-4D3A-BEA8-278C766FA5DE}.Release|Any CPU.Build.0 = Release|Any CPU
	EndGlobalSection
	GlobalSection(SolutionProperties) = preSolution
		HideSolutionNode = FALSE
	EndGlobalSection
	GlobalSection(ExtensibilityGlobals) = postSolution
		SolutionGuid = {0568A281-FBEE-40C6-B6FB-5FE8189B7D0D}
	EndGlobalSection
EndGlobal
